
Microsoft Visual Studio Solution File, Format Version 12.00
# Visual Studio Version 18
VisualStudioVersion = 18.6.11819.183 stable
MinimumVisualStudioVersion = 10.0.40219.1
Project("{FAE04EC0-301F-11D3-BF4B-00C04F79EFBC}") = "A38.ImageCrop", "A38.ImageCrop.csproj", "{DF4E3114-EE1A-1028-BDD5-B52681560CD6}"
EndProject
Global
	GlobalSection(SolutionConfigurationPlatforms) = preSolution
		Debug|Any CPU = Debug|Any CPU
		Release|Any CPU = Release|Any CPU
	EndGlobalSection
	GlobalSection(ProjectConfigurationPlatforms) = postSolution
		{DF4E3114-EE1A-1028-BDD5-B52681560CD6}.Debug|Any CPU.ActiveCfg = Debug|Any CPU
		{DF4E3114-EE1A-1028-BDD5-B52681560CD6}.Debug|Any CPU.Build.0 = Debug|Any CPU
		{DF4E3114-EE1A-1028-BDD5-B52681560CD6}.Release|Any CPU.ActiveCfg = Release|Any CPU
		{DF4E3114-EE1A-1028-BDD5-B52681560CD6}.Release|Any CPU.Build.0 = Release|Any CPU
	EndGlobalSection
	GlobalSection(SolutionProperties) = preSolution
		HideSolutionNode = FALSE
	EndGlobalSection
	GlobalSection(ExtensibilityGlobals) = postSolution
		SolutionGuid = {BE09002C-AFBD-476C-85C5-E2E593BDA9C2}
	EndGlobalSection
EndGlobal
